// !$*UTF8*$!
{
	archiveVersion = 1;
	classes = {
	};
	objectVersion = 56;
	objects = {

/* Begin PBXBuildFile section */
		E96978612A1498E30030DF9A /* LaunchScreen.storyboard in Resources */ = {isa = PBXBuildFile; fileRef = E96978602A1498E20030DF9A /* LaunchScreen.storyboard */; };
		E99121732A10FA1800940287 /* BREWWORKApp.swift in Sources */ = {isa = PBXBuildFile; fileRef = E99121722A10FA1800940287 /* BREWWORKApp.swift */; };
		E99121772A10FA1A00940287 /* Assets.xcassets in Resources */ = {isa = PBXBuildFile; fileRef = E99121762A10FA1A00940287 /* Assets.xcassets */; };
		E991217A2A10FA1A00940287 /* Preview Assets.xcassets in Resources */ = {isa = PBXBuildFile; fileRef = E99121792A10FA1A00940287 /* Preview Assets.xcassets */; };
		E99121822A10FA7700940287 /* ListViewModel.swift in Sources */ = {isa = PBXBuildFile; fileRef = E99121812A10FA7700940287 /* ListViewModel.swift */; };
		E99121852A10FAA600940287 /* ItemModel.swift in Sources */ = {isa = PBXBuildFile; fileRef = E99121842A10FAA600940287 /* ItemModel.swift */; };
		E991218A2A10FB2400940287 /* TodoListView.swift in Sources */ = {isa = PBXBuildFile; fileRef = E99121892A10FB2400940287 /* TodoListView.swift */; };
		E991218C2A10FB6F00940287 /* TodoListRowView.swift in Sources */ = {isa = PBXBuildFile; fileRef = E991218B2A10FB6F00940287 /* TodoListRowView.swift */; };
		E991218E2A10FBA000940287 /* AddTodoListView.swift in Sources */ = {isa = PBXBuildFile; fileRef = E991218D2A10FBA000940287 /* AddTodoListView.swift */; };
		E99121902A10FC5100940287 /* NoTodoItemsView.swift in Sources */ = {isa = PBXBuildFile; fileRef = E991218F2A10FC5100940287 /* NoTodoItemsView.swift */; };
/* End PBXBuildFile section */

/* Begin PBXFileReference section */
		E96978602A1498E20030DF9A /* LaunchScreen.storyboard */ = {isa = PBXFileReference; lastKnownFileType = file.storyboard; path = LaunchScreen.storyboard; sourceTree = "<group>"; };
		E991216F2A10FA1800940287 /* BREWWORK.app */ = {isa = PBXFileReference; explicitFileType = wrapper.application; includeInIndex = 0; path = BREWWORK.app; sourceTree = BUILT_PRODUCTS_DIR; };
		E99121722A10FA1800940287 /* BREWWORKApp.swift */ = {isa = PBXFileReference; lastKnownFileType = sourcecode.swift; path = BREWWORKApp.swift; sourceTree = "<group>"; };
		E99121762A10FA1A00940287 /* Assets.xcassets */ = {isa = PBXFileReference; lastKnownFileType = folder.assetcatalog; path = Assets.xcassets; sourceTree = "<group>"; };
		E99121792A10FA1A00940287 /* Preview Assets.xcassets */ = {isa = PBXFileReference; lastKnownFileType = folder.assetcatalog; path = "Preview Assets.xcassets"; sourceTree = "<group>"; };
		E99121812A10FA7700940287 /* ListViewModel.swift */ = {isa = PBXFileReference; lastKnownFileType = sourcecode.swift; path = ListViewModel.swift; sourceTree = "<group>"; };
		E99121842A10FAA600940287 /* ItemModel.swift */ = {isa = PBXFileReference; lastKnownFileType = sourcecode.swift; path = ItemModel.swift; sourceTree = "<group>"; };
		E99121892A10FB2400940287 /* TodoListView.swift */ = {isa = PBXFileReference; lastKnownFileType = sourcecode.swift; path = TodoListView.swift; sourceTree = "<group>"; };
		E991218B2A10FB6F00940287 /* TodoListRowView.swift */ = {isa = PBXFileReference; lastKnownFileType = sourcecode.swift; path = TodoListRowView.swift; sourceTree = "<group>"; };
		E991218D2A10FBA000940287 /* AddTodoListView.swift */ = {isa = PBXFileReference; lastKnownFileType = sourcecode.swift; path = AddTodoListView.swift; sourceTree = "<group>"; };
		E991218F2A10FC5100940287 /* NoTodoItemsView.swift */ = {isa = PBXFileReference; lastKnownFileType = sourcecode.swift; path = NoTodoItemsView.swift; sourceTree = "<group>"; };
/* End PBXFileReference section */

/* Begin PBXFrameworksBuildPhase section */
		E991216C2A10FA1800940287 /* Frameworks */ = {
			isa = PBXFrameworksBuildPhase;
			buildActionMask = 2147483647;
			files = (
			);
			runOnlyForDeploymentPostprocessing = 0;
		};
/* End PBXFrameworksBuildPhase section */

/* Begin PBXGroup section */
		E99121662A10FA1800940287 = {
			isa = PBXGroup;
			children = (
				E99121712A10FA1800940287 /* BREWWORK */,
				E99121702A10FA1800940287 /* Products */,
			);
			sourceTree = "<group>";
		};
		E99121702A10FA1800940287 /* Products */ = {
			isa = PBXGroup;
			children = (
				E991216F2A10FA1800940287 /* BREWWORK.app */,
			);
			name = Products;
			sourceTree = "<group>";
		};
		E99121712A10FA1800940287 /* BREWWORK */ = {
			isa = PBXGroup;
			children = (
				E99121862A10FAFC00940287 /* Views */,
				E99121832A10FA9C00940287 /* Models */,
				E99121802A10FA6200940287 /* ViewModels */,
				E99121722A10FA1800940287 /* BREWWORKApp.swift */,
				E99121762A10FA1A00940287 /* Assets.xcassets */,
				E99121782A10FA1A00940287 /* Preview Content */,
			);
			path = BREWWORK;
			sourceTree = "<group>";
		};
		E99121782A10FA1A00940287 /* Preview Content */ = {
			isa = PBXGroup;
			children = (
				E99121792A10FA1A00940287 /* Preview Assets.xcassets */,
			);
			path = "Preview Content";
			sourceTree = "<group>";
		};
		E99121802A10FA6200940287 /* ViewModels */ = {
			isa = PBXGroup;
			children = (
				E99121812A10FA7700940287 /* ListViewModel.swift */,
			);
			path = ViewModels;
			sourceTree = "<group>";
		};
		E99121832A10FA9C00940287 /* Models */ = {
			isa = PBXGroup;
			children = (
				E99121842A10FAA600940287 /* ItemModel.swift */,
			);
			path = Models;
			sourceTree = "<group>";
		};
		E99121862A10FAFC00940287 /* Views */ = {
			isa = PBXGroup;
			children = (
				E99121892A10FB2400940287 /* TodoListView.swift */,
				E991218B2A10FB6F00940287 /* TodoListRowView.swift */,
				E991218D2A10FBA000940287 /* AddTodoListView.swift */,
				E991218F2A10FC5100940287 /* NoTodoItemsView.swift */,
				E96978602A1498E20030DF9A /* LaunchScreen.storyboard */,
			);
			path = Views;
			sourceTree = "<group>";
		};
/* End PBXGroup section */

/* Begin PBXNativeTarget section */
		E991216E2A10FA1800940287 /* BREWWORK */ = {
			isa = PBXNativeTarget;
			buildConfigurationList = E991217D2A10FA1A00940287 /* Build configuration list for PBXNativeTarget "BREWWORK" */;
			buildPhases = (
				E991216B2A10FA1800940287 /* Sources */,
				E991216C2A10FA1800940287 /* Frameworks */,
				E991216D2A10FA1800940287 /* Resources */,
			);
			buildRules = (
			);
			dependencies = (
			);
			name = BREWWORK;
			productName = BREWWORK;
			productReference = E991216F2A10FA1800940287 /* BREWWORK.app */;
			productType = "com.apple.product-type.application";
		};
/* End PBXNativeTarget section */

/* Begin PBXProject section */
		E99121672A10FA1800940287 /* Project object */ = {
			isa = PBXProject;
			attributes = {
				BuildIndependentTargetsInParallel = 1;
				LastSwiftUpdateCheck = 1430;
				LastUpgradeCheck = 1430;
				TargetAttributes = {
					E991216E2A10FA1800940287 = {
						CreatedOnToolsVersion = 14.3;
					};
				};
			};
			buildConfigurationList = E991216A2A10FA1800940287 /* Build configuration list for PBXProject "BREWWORK" */;
			compatibilityVersion = "Xcode 14.0";
			developmentRegion = en;
			hasScannedForEncodings = 0;
			knownRegions = (
				en,
				Base,
			);
			mainGroup = E99121662A10FA1800940287;
			productRefGroup = E99121702A10FA1800940287 /* Products */;
			projectDirPath = "";
			projectRoot = "";
			targets = (
				E991216E2A10FA1800940287 /* BREWWORK */,
			);
		};
/* End PBXProject section */

/* Begin PBXResourcesBuildPhase section */
		E991216D2A10FA1800940287 /* Resources */ = {
			isa = PBXResourcesBuildPhase;
			buildActionMask = 2147483647;
			files = (
				E96978612A1498E30030DF9A /* LaunchScreen.storyboard in Resources */,
				E991217A2A10FA1A00940287 /* Preview Assets.xcassets in Resources */,
				E99121772A10FA1A00940287 /* Assets.xcassets in Resources */,
			);
			runOnlyForDeploymentPostprocessing = 0;
		};
/* End PBXResourcesBuildPhase section */

/* Begin PBXSourcesBuildPhase section */
		E991216B2A10FA1800940287 /* Sources */ = {
			isa = PBXSourcesBuildPhase;
			buildActionMask = 2147483647;
			files = (
				E99121902A10FC5100940287 /* NoTodoItemsView.swift in Sources */,
				E991218C2A10FB6F00940287 /* TodoListRowView.swift in Sources */,
				E99121732A10FA1800940287 /* BREWWORKApp.swift in Sources */,
				E991218E2A10FBA000940287 /* AddTodoListView.swift in Sources */,
				E991218A2A10FB2400940287 /* TodoListView.swift in Sources */,
				E99121852A10FAA600940287 /* ItemModel.swift in Sources */,
				E99121822A10FA7700940287 /* ListViewModel.swift in Sources */,
			);
			runOnlyForDeploymentPostprocessing = 0;
		};
/* End PBXSourcesBuildPhase section */

/* Begin XCBuildConfiguration section */
		E991217B2A10FA1A00940287 /* Debug */ = {
			isa = XCBuildConfiguration;
			buildSettings = {
				ALWAYS_SEARCH_USER_PATHS = NO;
				CLANG_ANALYZER_NONNULL = YES;
				CLANG_ANALYZER_NUMBER_OBJECT_CONVERSION = YES_AGGRESSIVE;
				CLANG_CXX_LANGUAGE_STANDARD = "gnu++20";
				CLANG_ENABLE_MODULES = YES;
				CLANG_ENABLE_OBJC_ARC = YES;
				CLANG_ENABLE_OBJC_WEAK = YES;
				CLANG_WARN_BLOCK_CAPTURE_AUTORELEASING = YES;
				CLANG_WARN_BOOL_CONVERSION = YES;
				CLANG_WARN_COMMA = YES;
				CLANG_WARN_CONSTANT_CONVERSION = YES;
				CLANG_WARN_DEPRECATED_OBJC_IMPLEMENTATIONS = YES;
				CLANG_WARN_DIRECT_OBJC_ISA_USAGE = YES_ERROR;
				CLANG_WARN_DOCUMENTATION_COMMENTS = YES;
				CLANG_WARN_EMPTY_BODY = YES;
				CLANG_WARN_ENUM_CONVERSION = YES;
				CLANG_WARN_INFINITE_RECURSION = YES;
				CLANG_WARN_INT_CONVERSION = YES;
				CLANG_WARN_NON_LITERAL_NULL_CONVERSION = YES;
				CLANG_WARN_OBJC_IMPLICIT_RETAIN_SELF = YES;
				CLANG_WARN_OBJC_LITERAL_CONVERSION = YES;
				CLANG_WARN_OBJC_ROOT_CLASS = YES_ERROR;
				CLANG_WARN_QUOTED_INCLUDE_IN_FRAMEWORK_HEADER = YES;
				CLANG_WARN_RANGE_LOOP_ANALYSIS = YES;
				CLANG_WARN_STRICT_PROTOTYPES = YES;
				CLANG_WARN_SUSPICIOUS_MOVE = YES;
				CLANG_WARN_UNGUARDED_AVAILABILITY = YES_AGGRESSIVE;
				CLANG_WARN_UNREACHABLE_CODE = YES;
				CLANG_WARN__DUPLICATE_METHOD_MATCH = YES;
				COPY_PHASE_STRIP = NO;
				DEBUG_INFORMATION_FORMAT = dwarf;
				ENABLE_STRICT_OBJC_MSGSEND = YES;
				ENABLE_TESTABILITY = YES;
				GCC_C_LANGUAGE_STANDARD = gnu11;
				GCC_DYNAMIC_NO_PIC = NO;
				GCC_NO_COMMON_BLOCKS = YES;
				GCC_OPTIMIZATION_LEVEL = 0;
				GCC_PREPROCESSOR_DEFINITIONS = (
					"DEBUG=1",
					"$(inherited)",
				);
				GCC_WARN_64_TO_32_BIT_CONVERSION = YES;
				GCC_WARN_ABOUT_RETURN_TYPE = YES_ERROR;
				GCC_WARN_UNDECLARED_SELECTOR = YES;
				GCC_WARN_UNINITIALIZED_AUTOS = YES_AGGRESSIVE;
				GCC_WARN_UNUSED_FUNCTION = YES;
				GCC_WARN_UNUSED_VARIABLE = YES;
				IPHONEOS_DEPLOYMENT_TARGET = 16.4;
				MTL_ENABLE_DEBUG_INFO = INCLUDE_SOURCE;
				MTL_FAST_MATH = YES;
				ONLY_ACTIVE_ARCH = YES;
				SDKROOT = iphoneos;
				SWIFT_ACTIVE_COMPILATION_CONDITIONS = DEBUG;
				SWIFT_OPTIMIZATION_LEVEL = "-Onone";
			};
			name = Debug;
		};
		E991217C2A10FA1A00940287 /* Release */ = {
			isa = XCBuildConfiguration;
			buildSettings = {
				ALWAYS_SEARCH_USER_PATHS = NO;
				CLANG_ANALYZER_NONNULL = YES;
				CLANG_ANALYZER_NUMBER_OBJECT_CONVERSION = YES_AGGRESSIVE;
				CLANG_CXX_LANGUAGE_STANDARD = "gnu++20";
				CLANG_ENABLE_MODULES = YES;
				CLANG_ENABLE_OBJC_ARC = YES;
				CLANG_ENABLE_OBJC_WEAK = YES;
				CLANG_WARN_BLOCK_CAPTURE_AUTORELEASING = YES;
				CLANG_WARN_BOOL_CONVERSION = YES;
				CLANG_WARN_COMMA = YES;
				CLANG_WARN_CONSTANT_CONVERSION = YES;
				CLANG_WARN_DEPRECATED_OBJC_IMPLEMENTATIONS = YES;
				CLANG_WARN_DIRECT_OBJC_ISA_USAGE = YES_ERROR;
				CLANG_WARN_DOCUMENTATION_COMMENTS = YES;
				CLANG_WARN_EMPTY_BODY = YES;
				CLANG_WARN_ENUM_CONVERSION = YES;
				CLANG_WARN_INFINITE_RECURSION = YES;
				CLANG_WARN_INT_CONVERSION = YES;
				CLANG_WARN_NON_LITERAL_NULL_CONVERSION = YES;
				CLANG_WARN_OBJC_IMPLICIT_RETAIN_SELF = YES;
				CLANG_WARN_OBJC_LITERAL_CONVERSION = YES;
				CLANG_WARN_OBJC_ROOT_CLASS = YES_ERROR;
				CLANG_WARN_QUOTED_INCLUDE_IN_FRAMEWORK_HEADER = YES;
				CLANG_WARN_RANGE_LOOP_ANALYSIS = YES;
				CLANG_WARN_STRICT_PROTOTYPES = YES;
				CLANG_WARN_SUSPICIOUS_MOVE = YES;
				CLANG_WARN_UNGUARDED_AVAILABILITY = YES_AGGRESSIVE;
				CLANG_WARN_UNREACHABLE_CODE = YES;
				CLANG_WARN__DUPLICATE_METHOD_MATCH = YES;
				COPY_PHASE_STRIP = NO;
				DEBUG_INFORMATION_FORMAT = "dwarf-with-dsym";
				ENABLE_NS_ASSERTIONS = NO;
				ENABLE_STRICT_OBJC_MSGSEND = YES;
				GCC_C_LANGUAGE_STANDARD = gnu11;
				GCC_NO_COMMON_BLOCKS = YES;
				GCC_WARN_64_TO_32_BIT_CONVERSION = YES;
				GCC_WARN_ABOUT_RETURN_TYPE = YES_ERROR;
				GCC_WARN_UNDECLARED_SELECTOR = YES;
				GCC_WARN_UNINITIALIZED_AUTOS = YES_AGGRESSIVE;
				GCC_WARN_UNUSED_FUNCTION = YES;
				GCC_WARN_UNUSED_VARIABLE = YES;
				IPHONEOS_DEPLOYMENT_TARGET = 16.4;
				MTL_ENABLE_DEBUG_INFO = NO;
				MTL_FAST_MATH = YES;
				SDKROOT = iphoneos;
				SWIFT_COMPILATION_MODE = wholemodule;
				SWIFT_OPTIMIZATION_LEVEL = "-O";
				VALIDATE_PRODUCT = YES;
			};
			name = Release;
		};
		E991217E2A10FA1A00940287 /* Debug */ = {
			isa = XCBuildConfiguration;
			buildSettings = {
				ASSETCATALOG_COMPILER_APPICON_NAME = AppIcon;
				ASSETCATALOG_COMPILER_GLOBAL_ACCENT_COLOR_NAME = AccentColor;
				CODE_SIGN_STYLE = Automatic;
				CURRENT_PROJECT_VERSION = 1;
				DEVELOPMENT_ASSET_PATHS = "\"BREWWORK/Preview Content\"";
				ENABLE_PREVIEWS = YES;
				GENERATE_INFOPLIST_FILE = YES;
				INFOPLIST_KEY_UIApplicationSceneManifest_Generation = YES;
				INFOPLIST_KEY_UIApplicationSupportsIndirectInputEvents = YES;
				INFOPLIST_KEY_UILaunchScreen_Generation = YES;
				INFOPLIST_KEY_UILaunchStoryboardName = LaunchScreen.storyboard;
				INFOPLIST_KEY_UISupportedInterfaceOrientations_iPad = "UIInterfaceOrientationPortrait UIInterfaceOrientationPortraitUpsideDown UIInterfaceOrientationLandscapeLeft UIInterfaceOrientationLandscapeRight";
				INFOPLIST_KEY_UISupportedInterfaceOrientations_iPhone = "UIInterfaceOrientationPortrait UIInterfaceOrientationLandscapeLeft UIInterfaceOrientationLandscapeRight";
				LD_RUNPATH_SEARCH_PATHS = (
					"$(inherited)",
					"@executable_path/Frameworks",
				);
				MARKETING_VERSION = 1.0;
				PRODUCT_BUNDLE_IDENTIFIER = com.jaybjackie.app.BREWWORK;
				PRODUCT_NAME = "$(TARGET_NAME)";
				SWIFT_EMIT_LOC_STRINGS = YES;
				SWIFT_VERSION = 5.0;
				TARGETED_DEVICE_FAMILY = "1,2";
			};
			name = Debug;
		};
		E991217F2A10FA1A00940287 /* Release */ = {
			isa = XCBuildConfiguration;
			buildSettings = {
				ASSETCATALOG_COMPILER_APPICON_NAME = AppIcon;
				ASSETCATALOG_COMPILER_GLOBAL_ACCENT_COLOR_NAME = AccentColor;
				CODE_SIGN_STYLE = Automatic;
				CURRENT_PROJECT_VERSION = 1;
				DEVELOPMENT_ASSET_PATHS = "\"BREWWORK/Preview Content\"";
				ENABLE_PREVIEWS = YES;
				GENERATE_INFOPLIST_FILE = YES;
				INFOPLIST_KEY_UIApplicationSceneManifest_Generation = YES;
				INFOPLIST_KEY_UIApplicationSupportsIndirectInputEvents = YES;
				INFOPLIST_KEY_UILaunchScreen_Generation = YES;
				INFOPLIST_KEY_UILaunchStoryboardName = LaunchScreen.storyboard;
				INFOPLIST_KEY_UISupportedInterfaceOrientations_iPad = "UIInterfaceOrientationPortrait UIInterfaceOrientationPortraitUpsideDown UIInterfaceOrientationLandscapeLeft UIInterfaceOrientationLandscapeRight";
				INFOPLIST_KEY_UISupportedInterfaceOrientations_iPhone = "UIInterfaceOrientationPortrait UIInterfaceOrientationLandscapeLeft UIInterfaceOrientationLandscapeRight";
				LD_RUNPATH_SEARCH_PATHS = (
					"$(inherited)",
					"@executable_path/Frameworks",
				);
				MARKETING_VERSION = 1.0;
				PRODUCT_BUNDLE_IDENTIFIER = com.jaybjackie.app.BREWWORK;
				PRODUCT_NAME = "$(TARGET_NAME)";
				SWIFT_EMIT_LOC_STRINGS = YES;
				SWIFT_VERSION = 5.0;
				TARGETED_DEVICE_FAMILY = "1,2";
			};
			name = Release;
		};
/* End XCBuildConfiguration section */

/* Begin XCConfigurationList section */
		E991216A2A10FA1800940287 /* Build configuration list for PBXProject "BREWWORK" */ = {
			isa = XCConfigurationList;
			buildConfigurations = (
				E991217B2A10FA1A00940287 /* Debug */,
				E991217C2A10FA1A00940287 /* Release */,
			);
			defaultConfigurationIsVisible = 0;
			defaultConfigurationName = Release;
		};
		E991217D2A10FA1A00940287 /* Build configuration list for PBXNativeTarget "BREWWORK" */ = {
			isa = XCConfigurationList;
			buildConfigurations = (
				E991217E2A10FA1A00940287 /* Debug */,
				E991217F2A10FA1A00940287 /* Release */,
			);
			defaultConfigurationIsVisible = 0;
			defaultConfigurationName = Release;
		};
/* End XCConfigurationList section */
	};
	rootObject = E99121672A10FA1800940287 /* Project object */;
}
